// !$*UTF8*$!
{
	archiveVersion = 1;
	classes = {
	};
	objectVersion = 77;
	objects = {

/* Begin PBXBuildFile section */
		003A7226A04AE1B3047FCC0C /* YouTubeWebView.swift in Sources */ = {isa = PBXBuildFile; fileRef = 59B87F11393A1BC6E99E2300 /* YouTubeWebView.swift */; };
		0158E738EF8002CB11B32A37 /* Localizable.xcstrings in Resources */ = {isa = PBXBuildFile; fileRef = 2EA2BF1EDA87E7BBD910470A /* Localizable.xcstrings */; };
		0453CA49D82F830C4F7DE01B /* PrivacyInfo.xcprivacy in Resources */ = {isa = PBXBuildFile; fileRef = C0AE20400F50A238B47E8B25 /* PrivacyInfo.xcprivacy */; };
		04CBEE4476FEC41A8F69CF67 /* MediaUploadService.swift in Sources */ = {isa = PBXBuildFile; fileRef = 7D38F39B6E41A0E691E00735 /* MediaUploadService.swift */; };
		05D5D4ABC5B9B27652867C3F /* EditExerciseSheet.swift in Sources */ = {isa = PBXBuildFile; fileRef = 073D188DA1B97BF70AE0AB1D /* EditExerciseSheet.swift */; };
		0A9C3D5A7D40D78E544EA6DB /* Reachability in Frameworks */ = {isa = PBXBuildFile; productRef = 39CBC4D0471BD59ABDFD5A09 /* Reachability */; };
		0E4821253E1E3E6F781AEFFC /* TemplateRepository.swift in Sources */ = {isa = PBXBuildFile; fileRef = 1B13B9FFA312DB9F40745451 /* TemplateRepository.swift */; };
		0F2B4A40B41B2A441323BEC6 /* SyncQueueTests.swift in Sources */ = {isa = PBXBuildFile; fileRef = D35B7823C882768BE4A72353 /* SyncQueueTests.swift */; };
		0F89CAEE44FC82DCAD9C5670 /* ProfileView.swift in Sources */ = {isa = PBXBuildFile; fileRef = A072709B6240E14E4804A27E /* ProfileView.swift */; };
		0FB229A8C7481C52E7ABFBE0 /* WorkoutEditorViewModel.swift in Sources */ = {isa = PBXBuildFile; fileRef = FB30383FFC494D379468516B /* WorkoutEditorViewModel.swift */; };
		1085E6CA83CDEA078906295E /* WorkoutTemplateRow.swift in Sources */ = {isa = PBXBuildFile; fileRef = A1BEDC318D74A05409D52D3F /* WorkoutTemplateRow.swift */; };
		11C7D7512B95FC7F76F4435F /* LocalizationKey.swift in Sources */ = {isa = PBXBuildFile; fileRef = C0CC14730BDF0F2EBAE9BCEB /* LocalizationKey.swift */; };
		12DC0D8D756507BCFA6EFB26 /* BotanicalButton.swift in Sources */ = {isa = PBXBuildFile; fileRef = 7842374BAEFD704EF86F653B /* BotanicalButton.swift */; };
		148F2485401A9795396C0574 /* StatsViewModel.swift in Sources */ = {isa = PBXBuildFile; fileRef = D19BB4EF19BE8FD07E3D174B /* StatsViewModel.swift */; };
		150ED71E6B21F368F5C76705 /* WorkoutRow.swift in Sources */ = {isa = PBXBuildFile; fileRef = D8E5A0A7B2083A60AF229BE0 /* WorkoutRow.swift */; };
		158BBF04AE74B06E34E041D8 /* Privy in Frameworks */ = {isa = PBXBuildFile; productRef = 074EC5457E8DAAFBD92FCAB8 /* Privy */; };
		15FC498BED1E7E63FA5A9DF0 /* CreateExerciseSheet.swift in Sources */ = {isa = PBXBuildFile; fileRef = 47D9ACE082C7DA25F3FA5C76 /* CreateExerciseSheet.swift */; };
		170962E5CE4B863B77D2337C /* GifVideoPlayer.swift in Sources */ = {isa = PBXBuildFile; fileRef = E994D669C7E0883D947EAE86 /* GifVideoPlayer.swift */; };
		1AD4F392743E9E02FF62DDFA /* DashboardViewModel.swift in Sources */ = {isa = PBXBuildFile; fileRef = 79C5923EA2E06CD4FF8D147B /* DashboardViewModel.swift */; };
		23FC4F781A55D1EED62B99FA /* ManageViewModel.swift in Sources */ = {isa = PBXBuildFile; fileRef = 15E039F96FA1B99D91863A7A /* ManageViewModel.swift */; };
		24A17FB14052069813DE3374 /* ManageView.swift in Sources */ = {isa = PBXBuildFile; fileRef = C944DC8B7DB76AB7739A9704 /* ManageView.swift */; };
		281E2C2E5524953C9052841D /* MediaCacheService.swift in Sources */ = {isa = PBXBuildFile; fileRef = D1C9D5B23AF2891767FAE0A4 /* MediaCacheService.swift */; };
		2E9EA4BB6AE1660E30339DAA /* PrivyAuthService.swift in Sources */ = {isa = PBXBuildFile; fileRef = 39EBEB9070121E82D4B1EE77 /* PrivyAuthService.swift */; };
		2EFB3D42B610CC024D34A650 /* WorkoutTemplateModel.swift in Sources */ = {isa = PBXBuildFile; fileRef = 9BF4509E5E4F0139CD602515 /* WorkoutTemplateModel.swift */; };
		310DC9B05F5DCEABB7C2B899 /* WorkoutCardView.swift in Sources */ = {isa = PBXBuildFile; fileRef = 31759D78CD07EC4EC5E677B1 /* WorkoutCardView.swift */; };
		34875230E79FD615573AB289 /* CategoryPicker.swift in Sources */ = {isa = PBXBuildFile; fileRef = 80307970164A4CF129BD728A /* CategoryPicker.swift */; };
		360486B227F573F6BD0FC318 /* HistoryView.swift in Sources */ = {isa = PBXBuildFile; fileRef = F48885ED25C02E1CC3D684C8 /* HistoryView.swift */; };
		36961199CA2C4EDDEB3821BA /* RootView.swift in Sources */ = {isa = PBXBuildFile; fileRef = E4A0D89F7B1F2C5DB6A2431B /* RootView.swift */; };
		3896CE47228C2A34260CDF5C /* ExerciseDefModel.swift in Sources */ = {isa = PBXBuildFile; fileRef = 19D1B3DA0E838234754825FD /* ExerciseDefModel.swift */; };
		397073CA35EDD0599F18E260 /* Types.swift in Sources */ = {isa = PBXBuildFile; fileRef = 50620E56B4E6CFABDEBC6CE2 /* Types.swift */; };
		418862C9144D6D26796851C1 /* DayWorkoutListView.swift in Sources */ = {isa = PBXBuildFile; fileRef = 5175EBF0E5559E04D9983E41 /* DayWorkoutListView.swift */; };
		49EA6B956CE82344BB8B5DB1 /* PRService.swift in Sources */ = {isa = PBXBuildFile; fileRef = 9AA444093664A03BD7B7F49F /* PRService.swift */; };
		5259E04EE8D7387545301C37 /* Assets.xcassets in Resources */ = {isa = PBXBuildFile; fileRef = 3546CCF1405ECC208820E429 /* Assets.xcassets */; };
		544D52D0DEEA7B5DD02C6052 /* WorkoutModel.swift in Sources */ = {isa = PBXBuildFile; fileRef = 2574B2A04362DD0A74DCC36B /* WorkoutModel.swift */; };
		5555E4D2041F44B98E3251B7 /* ExerciseDetailModal.swift in Sources */ = {isa = PBXBuildFile; fileRef = 9E3D741E618129C45E4C8912 /* ExerciseDetailModal.swift */; };
		5573CDC34AE6D1B30D8A30BA /* HistoryFilterSheet.swift in Sources */ = {isa = PBXBuildFile; fileRef = AF998A2ED29F7DD41B36AF21 /* HistoryFilterSheet.swift */; };
		586A4E4D212F3DEFBA23208B /* SDWebImageSwiftUI in Frameworks */ = {isa = PBXBuildFile; productRef = C93C6F1077B7A079AC16E248 /* SDWebImageSwiftUI */; };
		603DFDBB5CC38A3C943BBC75 /* ProfileSettingsView.swift in Sources */ = {isa = PBXBuildFile; fileRef = 0D9C161F6BAA7EF99273C9FB /* ProfileSettingsView.swift */; };
		60931E5BEB7203D655D5A630 /* SyncQueue.swift in Sources */ = {isa = PBXBuildFile; fileRef = F0E3F963EC207A5A7030B2FD /* SyncQueue.swift */; };
		669550B9D90EAB1D53F34EB2 /* WorkoutDurationChart.swift in Sources */ = {isa = PBXBuildFile; fileRef = 4EFE2C887F4DB20709E56AA8 /* WorkoutDurationChart.swift */; };
		6BBAF5780452ED41795F2BBB /* StatsService.swift in Sources */ = {isa = PBXBuildFile; fileRef = A8E15B4A2260A75E3E0BC141 /* StatsService.swift */; };
		6C11D36B98EDFD268D902106 /* WorkoutSetModel.swift in Sources */ = {isa = PBXBuildFile; fileRef = 6D90F4B258E61397454BB98F /* WorkoutSetModel.swift */; };
		6EB5C43DC9A1FB90E95018F9 /* BotanicalCard.swift in Sources */ = {isa = PBXBuildFile; fileRef = B501F2E8A2A768631B6DD704 /* BotanicalCard.swift */; };
		700F83873E6A3B4F08033398 /* SkeletonView.swift in Sources */ = {isa = PBXBuildFile; fileRef = FA2ECEC7861DC9157B123EB5 /* SkeletonView.swift */; };
		7697810A2B7132CA2DDF4F4F /* Font+Botanical.swift in Sources */ = {isa = PBXBuildFile; fileRef = B724B1AE89DB5B86391DE761 /* Font+Botanical.swift */; };
		79C46386FD7B4336F4402572 /* DateUtils.swift in Sources */ = {isa = PBXBuildFile; fileRef = 14EE121DDD9E8575393E8973 /* DateUtils.swift */; };
		7C994E3378F7F9EDD87934D9 /* KeychainSwift in Frameworks */ = {isa = PBXBuildFile; productRef = 5A78DDB0DDBE591069C26DD2 /* KeychainSwift */; };
		823B376DE91564AC36C95779 /* CustomTabBar.swift in Sources */ = {isa = PBXBuildFile; fileRef = CB5E3D6DCC962E70A2FD1E35 /* CustomTabBar.swift */; };
		845378817815A6165FE52A74 /* ExerciseDefRepository.swift in Sources */ = {isa = PBXBuildFile; fileRef = D9703A63902123FE48AF0314 /* ExerciseDefRepository.swift */; };
		89E7E1B284178FC5896DB993 /* WorkoutEditorView.swift in Sources */ = {isa = PBXBuildFile; fileRef = 1E5B1AD43D6A52EE0D20DADF /* WorkoutEditorView.swift */; };
		8C39A1CC2134B50FAD9FE7FA /* MainTabView.swift in Sources */ = {isa = PBXBuildFile; fileRef = 53C44A474400449FA95ADE5E /* MainTabView.swift */; };
		93580FA164152720D93CD363 /* PrivyWebAuthView.swift in Sources */ = {isa = PBXBuildFile; fileRef = 968AED3F9165D0FA4812439A /* PrivyWebAuthView.swift */; };
		96CECE90A292EC49463FFB06 /* ExercisePickerSheet.swift in Sources */ = {isa = PBXBuildFile; fileRef = D9C76028811AA437DBB38047 /* ExercisePickerSheet.swift */; };
		97E0DB1AFC7764CFC478CD27 /* NetworkMonitor.swift in Sources */ = {isa = PBXBuildFile; fileRef = 9B109BCD185EE69B04C1094C /* NetworkMonitor.swift */; };
		98076073C48F2B30063446E3 /* ExerciseInstanceModel.swift in Sources */ = {isa = PBXBuildFile; fileRef = A7435140E98A17622544EA83 /* ExerciseInstanceModel.swift */; };
		99803BC11C640ACDE7FC14DB /* NotificationService.swift in Sources */ = {isa = PBXBuildFile; fileRef = 6A69FE9C2BE1E76A9B996ABF /* NotificationService.swift */; };
		9A259195A119A7A5CD29ED89 /* Constants.swift in Sources */ = {isa = PBXBuildFile; fileRef = FA2C5B52E566FC7EF1544219 /* Constants.swift */; };
		9BE4A050EAE63E3AC6B13A4A /* BotanicalTextField.swift in Sources */ = {isa = PBXBuildFile; fileRef = 8F82123ACBFC9488ED1AB195 /* BotanicalTextField.swift */; };
		9F16AF96EE5CE7D81C89C433 /* AppDelegate.swift in Sources */ = {isa = PBXBuildFile; fileRef = 2A1EA45A6F6576603A6D6BC7 /* AppDelegate.swift */; };
		A142785FFD02C9D39E8361DE /* BotanicalTheme.swift in Sources */ = {isa = PBXBuildFile; fileRef = 69E4BA57CF2C175F414E5603 /* BotanicalTheme.swift */; };
		A3DB0BD241AB2B6A13CD5365 /* SetRowView.swift in Sources */ = {isa = PBXBuildFile; fileRef = 12DEE04DD317BCC3E4DB102F /* SetRowView.swift */; };
		A4A3706F3EBABF148ABC4398 /* Supabase in Frameworks */ = {isa = PBXBuildFile; productRef = 6A9C4AB88330A9FFC30C0FEC /* Supabase */; };
		A77D8800D67FC681AD50C7CF /* LoadRiskView.swift in Sources */ = {isa = PBXBuildFile; fileRef = BBCD0A852BDC9BF7BBF73F29 /* LoadRiskView.swift */; };
		A99E9198A9494DA60F96424B /* ExerciseCardView.swift in Sources */ = {isa = PBXBuildFile; fileRef = 38F5FA47594940359C2D1F28 /* ExerciseCardView.swift */; };
		AB3FC55611CF591FFB363E57 /* ExerciseDefRow.swift in Sources */ = {isa = PBXBuildFile; fileRef = 17F723DD93BCCF2D66C10F7A /* ExerciseDefRow.swift */; };
		ABB1A1752DB9D4A7ADA97BA2 /* TokenExchangeService.swift in Sources */ = {isa = PBXBuildFile; fileRef = 2B94B789785ACF7F102E255F /* TokenExchangeService.swift */; };
		ACB520CCA6C77338604552D0 /* MarkdownUI in Frameworks */ = {isa = PBXBuildFile; productRef = 1CA98A009A7235A0F848C9AE /* MarkdownUI */; };
		ACBAFE344B9739E202298836 /* ViewModifiers.swift in Sources */ = {isa = PBXBuildFile; fileRef = F3C1F3F1384ED4AD5A28CBB6 /* ViewModifiers.swift */; };
		B424F7684C0878061ADD3F2D /* ExportService.swift in Sources */ = {isa = PBXBuildFile; fileRef = A712DB5B5C2914A0494F93C7 /* ExportService.swift */; };
		B4A4DD6D850D45D74E8EA985 /* NumberStepperField.swift in Sources */ = {isa = PBXBuildFile; fileRef = 29A3915049F155FDC80D55C7 /* NumberStepperField.swift */; };
		B5D9EA693E1CD032B1161AC1 /* RestTimerView.swift in Sources */ = {isa = PBXBuildFile; fileRef = 7B349FB4D3F61E733488ED65 /* RestTimerView.swift */; };
		B6811B4712F92F3FAFFE9575 /* PrivyAuthServiceTests.swift in Sources */ = {isa = PBXBuildFile; fileRef = BB2A36FBEB1BE0057663601D /* PrivyAuthServiceTests.swift */; };
		B8B10610EA51D637CED0ADE0 /* CalendarView.swift in Sources */ = {isa = PBXBuildFile; fileRef = E1EDAFC681B974F2874F7FEC /* CalendarView.swift */; };
		BA272348765AFF705E31C5A6 /* OfficialContentRepository.swift in Sources */ = {isa = PBXBuildFile; fileRef = 2CD97DAE59CAA1AF22E349A9 /* OfficialContentRepository.swift */; };
		BD5150140FCB6BE9D3E905FF /* DashboardView.swift in Sources */ = {isa = PBXBuildFile; fileRef = 80032C9659C0D593595D9A36 /* DashboardView.swift */; };
		BDFE8B09766E40D09B3A7831 /* StatsServiceTests.swift in Sources */ = {isa = PBXBuildFile; fileRef = 85B2B6CF6A28CC171C03496E /* StatsServiceTests.swift */; };
		BE82E687686F174D59B00651 /* CalendarViewModel.swift in Sources */ = {isa = PBXBuildFile; fileRef = DA09F4813D44215E873407A3 /* CalendarViewModel.swift */; };
		BEB65A4F80A1F169AAE66FCA /* StatsView.swift in Sources */ = {isa = PBXBuildFile; fileRef = 459B3084A0BE6B9A0DE34F34 /* StatsView.swift */; };
		C107836284A113849279A4E2 /* DashboardUITests.swift in Sources */ = {isa = PBXBuildFile; fileRef = 0F9D365B13C54F79AD08CA45 /* DashboardUITests.swift */; };
		C45C010FEA4806D90AA501C0 /* WeeklyFrequencyChart.swift in Sources */ = {isa = PBXBuildFile; fileRef = 9A634322C94EEC428736DF68 /* WeeklyFrequencyChart.swift */; };
		C6385F1C500E9D8A7B0522A6 /* IronLogApp.swift in Sources */ = {isa = PBXBuildFile; fileRef = AF1965348F307813D314273F /* IronLogApp.swift */; };
		C88D46E4F4467AEC28EDF776 /* LoginView.swift in Sources */ = {isa = PBXBuildFile; fileRef = ABB7C444BB89DFC08DFE0FF1 /* LoginView.swift */; };
		C8CB136C387807E8F18DF904 /* WeeklyVolumeChart.swift in Sources */ = {isa = PBXBuildFile; fileRef = A4B56C05DAEC908BB73B15E9 /* WeeklyVolumeChart.swift */; };
		C93F7E51B4B015B282ADAFB4 /* AppStore.swift in Sources */ = {isa = PBXBuildFile; fileRef = F26565AC8E006A50F5E9B0EC /* AppStore.swift */; };
		CA8FD91A0E93ABB32F177F15 /* PRServiceTests.swift in Sources */ = {isa = PBXBuildFile; fileRef = 1513FDE575080B741C17BC6C /* PRServiceTests.swift */; };
		CB60AB8EE2F6405746C42150 /* RestDayCardView.swift in Sources */ = {isa = PBXBuildFile; fileRef = 61C524F5785739553574A8AB /* RestDayCardView.swift */; };
		CDF9BDE5C88B0DAAFA4FA70A /* BodyPartPieChart.swift in Sources */ = {isa = PBXBuildFile; fileRef = 042D956599FBDCFB7E62D001 /* BodyPartPieChart.swift */; };
		D0D9C6E39737364F0CF80B4F /* ToastView.swift in Sources */ = {isa = PBXBuildFile; fileRef = 50DD0DCFA25E75B70EA1C405 /* ToastView.swift */; };
		D4233032B89E43C044AB40A6 /* SupabaseClientProvider.swift in Sources */ = {isa = PBXBuildFile; fileRef = DF1572959497549AFCC874A8 /* SupabaseClientProvider.swift */; };
		D81D524D507DF4DD9B6B5305 /* ConfirmDialog.swift in Sources */ = {isa = PBXBuildFile; fileRef = 5DDF833C4D2B00874CED66FD /* ConfirmDialog.swift */; };
		D828C456619324726437BE1B /* HistoryViewModel.swift in Sources */ = {isa = PBXBuildFile; fileRef = 462DD0F6E02AD7FB204CAC3E /* HistoryViewModel.swift */; };
		DA2D3B1E016ABAAC4C2CBFF6 /* SessionReportView.swift in Sources */ = {isa = PBXBuildFile; fileRef = BD966DDD8CBB27C0CC5963C1 /* SessionReportView.swift */; };
		DD0F22F3C9FAC6FABA40731A /* OneRMTrendChart.swift in Sources */ = {isa = PBXBuildFile; fileRef = ED8FDF4FB6CA87B43BD9B919 /* OneRMTrendChart.swift */; };
		E4323C0723EEDA09A06EA530 /* WorkoutEditorUITests.swift in Sources */ = {isa = PBXBuildFile; fileRef = EFB26D97C4B83211FE28447E /* WorkoutEditorUITests.swift */; };
		E677E30ACD9BF946D887C634 /* Color+Botanical.swift in Sources */ = {isa = PBXBuildFile; fileRef = A9F49B26A9C1AD6A27241B14 /* Color+Botanical.swift */; };
		EA32A17BA3C747EB11DDF863 /* WorkoutRepository.swift in Sources */ = {isa = PBXBuildFile; fileRef = 1AE1F885A65CF0CFAE2513FF /* WorkoutRepository.swift */; };
		F557DF7E0EAA8A4007B481A1 /* SyncQueueItemModel.swift in Sources */ = {isa = PBXBuildFile; fileRef = A3E57FD6535ADB934C00DB17 /* SyncQueueItemModel.swift */; };
		F8FB2D40E4015FD0BB12544A /* TokenExchangeTests.swift in Sources */ = {isa = PBXBuildFile; fileRef = 5DE555120F8FB45CC03AA8C5 /* TokenExchangeTests.swift */; };
/* End PBXBuildFile section */

/* Begin PBXContainerItemProxy section */
		6BC39042AFCB7D6635413706 /* PBXContainerItemProxy */ = {
			isa = PBXContainerItemProxy;
			containerPortal = 793DCC82B1A115B1EAD8E10A /* Project object */;
			proxyType = 1;
			remoteGlobalIDString = 68F127FF37A8B7D8E5F786A1;
			remoteInfo = IronLog;
		};
		7C1FB9C4597F0386BCEC3C5D /* PBXContainerItemProxy */ = {
			isa = PBXContainerItemProxy;
			containerPortal = 793DCC82B1A115B1EAD8E10A /* Project object */;
			proxyType = 1;
			remoteGlobalIDString = 68F127FF37A8B7D8E5F786A1;
			remoteInfo = IronLog;
		};
/* End PBXContainerItemProxy section */

/* Begin PBXFileReference section */
		042D956599FBDCFB7E62D001 /* BodyPartPieChart.swift */ = {isa = PBXFileReference; lastKnownFileType = sourcecode.swift; path = BodyPartPieChart.swift; sourceTree = "<group>"; };
		073D188DA1B97BF70AE0AB1D /* EditExerciseSheet.swift */ = {isa = PBXFileReference; lastKnownFileType = sourcecode.swift; path = EditExerciseSheet.swift; sourceTree = "<group>"; };
		0D9C161F6BAA7EF99273C9FB /* ProfileSettingsView.swift */ = {isa = PBXFileReference; lastKnownFileType = sourcecode.swift; path = ProfileSettingsView.swift; sourceTree = "<group>"; };
		0F9D365B13C54F79AD08CA45 /* DashboardUITests.swift */ = {isa = PBXFileReference; lastKnownFileType = sourcecode.swift; path = DashboardUITests.swift; sourceTree = "<group>"; };
		12DEE04DD317BCC3E4DB102F /* SetRowView.swift */ = {isa = PBXFileReference; lastKnownFileType = sourcecode.swift; path = SetRowView.swift; sourceTree = "<group>"; };
		14EE121DDD9E8575393E8973 /* DateUtils.swift */ = {isa = PBXFileReference; lastKnownFileType = sourcecode.swift; path = DateUtils.swift; sourceTree = "<group>"; };
		1513FDE575080B741C17BC6C /* PRServiceTests.swift */ = {isa = PBXFileReference; lastKnownFileType = sourcecode.swift; path = PRServiceTests.swift; sourceTree = "<group>"; };
		15E039F96FA1B99D91863A7A /* ManageViewModel.swift */ = {isa = PBXFileReference; lastKnownFileType = sourcecode.swift; path = ManageViewModel.swift; sourceTree = "<group>"; };
		17F723DD93BCCF2D66C10F7A /* ExerciseDefRow.swift */ = {isa = PBXFileReference; lastKnownFileType = sourcecode.swift; path = ExerciseDefRow.swift; sourceTree = "<group>"; };
		19D1B3DA0E838234754825FD /* ExerciseDefModel.swift */ = {isa = PBXFileReference; lastKnownFileType = sourcecode.swift; path = ExerciseDefModel.swift; sourceTree = "<group>"; };
		1AE1F885A65CF0CFAE2513FF /* WorkoutRepository.swift */ = {isa = PBXFileReference; lastKnownFileType = sourcecode.swift; path = WorkoutRepository.swift; sourceTree = "<group>"; };
		1B13B9FFA312DB9F40745451 /* TemplateRepository.swift */ = {isa = PBXFileReference; lastKnownFileType = sourcecode.swift; path = TemplateRepository.swift; sourceTree = "<group>"; };
		1E5B1AD43D6A52EE0D20DADF /* WorkoutEditorView.swift */ = {isa = PBXFileReference; lastKnownFileType = sourcecode.swift; path = WorkoutEditorView.swift; sourceTree = "<group>"; };
		2574B2A04362DD0A74DCC36B /* WorkoutModel.swift */ = {isa = PBXFileReference; lastKnownFileType = sourcecode.swift; path = WorkoutModel.swift; sourceTree = "<group>"; };
		29A3915049F155FDC80D55C7 /* NumberStepperField.swift */ = {isa = PBXFileReference; lastKnownFileType = sourcecode.swift; path = NumberStepperField.swift; sourceTree = "<group>"; };
		2A1EA45A6F6576603A6D6BC7 /* AppDelegate.swift */ = {isa = PBXFileReference; lastKnownFileType = sourcecode.swift; path = AppDelegate.swift; sourceTree = "<group>"; };
		2B94B789785ACF7F102E255F /* TokenExchangeService.swift */ = {isa = PBXFileReference; lastKnownFileType = sourcecode.swift; path = TokenExchangeService.swift; sourceTree = "<group>"; };
		2CD97DAE59CAA1AF22E349A9 /* OfficialContentRepository.swift */ = {isa = PBXFileReference; lastKnownFileType = sourcecode.swift; path = OfficialContentRepository.swift; sourceTree = "<group>"; };
		2EA2BF1EDA87E7BBD910470A /* Localizable.xcstrings */ = {isa = PBXFileReference; lastKnownFileType = text.json.xcstrings; path = Localizable.xcstrings; sourceTree = "<group>"; };
		31759D78CD07EC4EC5E677B1 /* WorkoutCardView.swift */ = {isa = PBXFileReference; lastKnownFileType = sourcecode.swift; path = WorkoutCardView.swift; sourceTree = "<group>"; };
		3546CCF1405ECC208820E429 /* Assets.xcassets */ = {isa = PBXFileReference; lastKnownFileType = folder.assetcatalog; path = Assets.xcassets; sourceTree = "<group>"; };
		381D2DE6CA1AB5E9ED39F06B /* IronLogTests.xctest */ = {isa = PBXFileReference; includeInIndex = 0; lastKnownFileType = wrapper.cfbundle; path = IronLogTests.xctest; sourceTree = BUILT_PRODUCTS_DIR; };
		38F5FA47594940359C2D1F28 /* ExerciseCardView.swift */ = {isa = PBXFileReference; lastKnownFileType = sourcecode.swift; path = ExerciseCardView.swift; sourceTree = "<group>"; };
		39EBEB9070121E82D4B1EE77 /* PrivyAuthService.swift */ = {isa = PBXFileReference; lastKnownFileType = sourcecode.swift; path = PrivyAuthService.swift; sourceTree = "<group>"; };
		459B3084A0BE6B9A0DE34F34 /* StatsView.swift */ = {isa = PBXFileReference; lastKnownFileType = sourcecode.swift; path = StatsView.swift; sourceTree = "<group>"; };
		462DD0F6E02AD7FB204CAC3E /* HistoryViewModel.swift */ = {isa = PBXFileReference; lastKnownFileType = sourcecode.swift; path = HistoryViewModel.swift; sourceTree = "<group>"; };
		47D9ACE082C7DA25F3FA5C76 /* CreateExerciseSheet.swift */ = {isa = PBXFileReference; lastKnownFileType = sourcecode.swift; path = CreateExerciseSheet.swift; sourceTree = "<group>"; };
		4EFE2C887F4DB20709E56AA8 /* WorkoutDurationChart.swift */ = {isa = PBXFileReference; lastKnownFileType = sourcecode.swift; path = WorkoutDurationChart.swift; sourceTree = "<group>"; };
		4F1ECA9B8A0D3D673881C83E /* .gitkeep */ = {isa = PBXFileReference; path = .gitkeep; sourceTree = "<group>"; };
		50620E56B4E6CFABDEBC6CE2 /* Types.swift */ = {isa = PBXFileReference; lastKnownFileType = sourcecode.swift; path = Types.swift; sourceTree = "<group>"; };
		50DD0DCFA25E75B70EA1C405 /* ToastView.swift */ = {isa = PBXFileReference; lastKnownFileType = sourcecode.swift; path = ToastView.swift; sourceTree = "<group>"; };
		5175EBF0E5559E04D9983E41 /* DayWorkoutListView.swift */ = {isa = PBXFileReference; lastKnownFileType = sourcecode.swift; path = DayWorkoutListView.swift; sourceTree = "<group>"; };
		53C44A474400449FA95ADE5E /* MainTabView.swift */ = {isa = PBXFileReference; lastKnownFileType = sourcecode.swift; path = MainTabView.swift; sourceTree = "<group>"; };
		59B87F11393A1BC6E99E2300 /* YouTubeWebView.swift */ = {isa = PBXFileReference; lastKnownFileType = sourcecode.swift; path = YouTubeWebView.swift; sourceTree = "<group>"; };
		5DDF833C4D2B00874CED66FD /* ConfirmDialog.swift */ = {isa = PBXFileReference; lastKnownFileType = sourcecode.swift; path = ConfirmDialog.swift; sourceTree = "<group>"; };
		5DE555120F8FB45CC03AA8C5 /* TokenExchangeTests.swift */ = {isa = PBXFileReference; lastKnownFileType = sourcecode.swift; path = TokenExchangeTests.swift; sourceTree = "<group>"; };
		61C524F5785739553574A8AB /* RestDayCardView.swift */ = {isa = PBXFileReference; lastKnownFileType = sourcecode.swift; path = RestDayCardView.swift; sourceTree = "<group>"; };
		69E4BA57CF2C175F414E5603 /* BotanicalTheme.swift */ = {isa = PBXFileReference; lastKnownFileType = sourcecode.swift; path = BotanicalTheme.swift; sourceTree = "<group>"; };
		6A69FE9C2BE1E76A9B996ABF /* NotificationService.swift */ = {isa = PBXFileReference; lastKnownFileType = sourcecode.swift; path = NotificationService.swift; sourceTree = "<group>"; };
		6D90F4B258E61397454BB98F /* WorkoutSetModel.swift */ = {isa = PBXFileReference; lastKnownFileType = sourcecode.swift; path = WorkoutSetModel.swift; sourceTree = "<group>"; };
		77FD0FF6F621454F8735020E /* Info.plist */ = {isa = PBXFileReference; lastKnownFileType = text.plist; path = Info.plist; sourceTree = "<group>"; };
		7842374BAEFD704EF86F653B /* BotanicalButton.swift */ = {isa = PBXFileReference; lastKnownFileType = sourcecode.swift; path = BotanicalButton.swift; sourceTree = "<group>"; };
		79C5923EA2E06CD4FF8D147B /* DashboardViewModel.swift */ = {isa = PBXFileReference; lastKnownFileType = sourcecode.swift; path = DashboardViewModel.swift; sourceTree = "<group>"; };
		7B349FB4D3F61E733488ED65 /* RestTimerView.swift */ = {isa = PBXFileReference; lastKnownFileType = sourcecode.swift; path = RestTimerView.swift; sourceTree = "<group>"; };
		7D38F39B6E41A0E691E00735 /* MediaUploadService.swift */ = {isa = PBXFileReference; lastKnownFileType = sourcecode.swift; path = MediaUploadService.swift; sourceTree = "<group>"; };
		7FB8A89E56D00AB1E9359AFA /* IronLog.entitlements */ = {isa = PBXFileReference; lastKnownFileType = text.plist.entitlements; path = IronLog.entitlements; sourceTree = "<group>"; };
		80032C9659C0D593595D9A36 /* DashboardView.swift */ = {isa = PBXFileReference; lastKnownFileType = sourcecode.swift; path = DashboardView.swift; sourceTree = "<group>"; };
		80307970164A4CF129BD728A /* CategoryPicker.swift */ = {isa = PBXFileReference; lastKnownFileType = sourcecode.swift; path = CategoryPicker.swift; sourceTree = "<group>"; };
		85B2B6CF6A28CC171C03496E /* StatsServiceTests.swift */ = {isa = PBXFileReference; lastKnownFileType = sourcecode.swift; path = StatsServiceTests.swift; sourceTree = "<group>"; };
		8F82123ACBFC9488ED1AB195 /* BotanicalTextField.swift */ = {isa = PBXFileReference; lastKnownFileType = sourcecode.swift; path = BotanicalTextField.swift; sourceTree = "<group>"; };
		968AED3F9165D0FA4812439A /* PrivyWebAuthView.swift */ = {isa = PBXFileReference; lastKnownFileType = sourcecode.swift; path = PrivyWebAuthView.swift; sourceTree = "<group>"; };
		9A634322C94EEC428736DF68 /* WeeklyFrequencyChart.swift */ = {isa = PBXFileReference; lastKnownFileType = sourcecode.swift; path = WeeklyFrequencyChart.swift; sourceTree = "<group>"; };
		9AA444093664A03BD7B7F49F /* PRService.swift */ = {isa = PBXFileReference; lastKnownFileType = sourcecode.swift; path = PRService.swift; sourceTree = "<group>"; };
		9B109BCD185EE69B04C1094C /* NetworkMonitor.swift */ = {isa = PBXFileReference; lastKnownFileType = sourcecode.swift; path = NetworkMonitor.swift; sourceTree = "<group>"; };
		9BF4509E5E4F0139CD602515 /* WorkoutTemplateModel.swift */ = {isa = PBXFileReference; lastKnownFileType = sourcecode.swift; path = WorkoutTemplateModel.swift; sourceTree = "<group>"; };
		9E3D741E618129C45E4C8912 /* ExerciseDetailModal.swift */ = {isa = PBXFileReference; lastKnownFileType = sourcecode.swift; path = ExerciseDetailModal.swift; sourceTree = "<group>"; };
		A072709B6240E14E4804A27E /* ProfileView.swift */ = {isa = PBXFileReference; lastKnownFileType = sourcecode.swift; path = ProfileView.swift; sourceTree = "<group>"; };
		A1BEDC318D74A05409D52D3F /* WorkoutTemplateRow.swift */ = {isa = PBXFileReference; lastKnownFileType = sourcecode.swift; path = WorkoutTemplateRow.swift; sourceTree = "<group>"; };
		A3E57FD6535ADB934C00DB17 /* SyncQueueItemModel.swift */ = {isa = PBXFileReference; lastKnownFileType = sourcecode.swift; path = SyncQueueItemModel.swift; sourceTree = "<group>"; };
		A4B56C05DAEC908BB73B15E9 /* WeeklyVolumeChart.swift */ = {isa = PBXFileReference; lastKnownFileType = sourcecode.swift; path = WeeklyVolumeChart.swift; sourceTree = "<group>"; };
		A712DB5B5C2914A0494F93C7 /* ExportService.swift */ = {isa = PBXFileReference; lastKnownFileType = sourcecode.swift; path = ExportService.swift; sourceTree = "<group>"; };
		A7435140E98A17622544EA83 /* ExerciseInstanceModel.swift */ = {isa = PBXFileReference; lastKnownFileType = sourcecode.swift; path = ExerciseInstanceModel.swift; sourceTree = "<group>"; };
		A8E15B4A2260A75E3E0BC141 /* StatsService.swift */ = {isa = PBXFileReference; lastKnownFileType = sourcecode.swift; path = StatsService.swift; sourceTree = "<group>"; };
		A9F49B26A9C1AD6A27241B14 /* Color+Botanical.swift */ = {isa = PBXFileReference; lastKnownFileType = sourcecode.swift; path = "Color+Botanical.swift"; sourceTree = "<group>"; };
		ABB7C444BB89DFC08DFE0FF1 /* LoginView.swift */ = {isa = PBXFileReference; lastKnownFileType = sourcecode.swift; path = LoginView.swift; sourceTree = "<group>"; };
		AF1965348F307813D314273F /* IronLogApp.swift */ = {isa = PBXFileReference; lastKnownFileType = sourcecode.swift; path = IronLogApp.swift; sourceTree = "<group>"; };
		AF998A2ED29F7DD41B36AF21 /* HistoryFilterSheet.swift */ = {isa = PBXFileReference; lastKnownFileType = sourcecode.swift; path = HistoryFilterSheet.swift; sourceTree = "<group>"; };
		B501F2E8A2A768631B6DD704 /* BotanicalCard.swift */ = {isa = PBXFileReference; lastKnownFileType = sourcecode.swift; path = BotanicalCard.swift; sourceTree = "<group>"; };
		B724B1AE89DB5B86391DE761 /* Font+Botanical.swift */ = {isa = PBXFileReference; lastKnownFileType = sourcecode.swift; path = "Font+Botanical.swift"; sourceTree = "<group>"; };
		BA7B0C3CDFB7A63DD8DDDB50 /* IronLog.app */ = {isa = PBXFileReference; includeInIndex = 0; lastKnownFileType = wrapper.application; path = IronLog.app; sourceTree = BUILT_PRODUCTS_DIR; };
		BB2A36FBEB1BE0057663601D /* PrivyAuthServiceTests.swift */ = {isa = PBXFileReference; lastKnownFileType = sourcecode.swift; path = PrivyAuthServiceTests.swift; sourceTree = "<group>"; };
		BBCD0A852BDC9BF7BBF73F29 /* LoadRiskView.swift */ = {isa = PBXFileReference; lastKnownFileType = sourcecode.swift; path = LoadRiskView.swift; sourceTree = "<group>"; };
		BD966DDD8CBB27C0CC5963C1 /* SessionReportView.swift */ = {isa = PBXFileReference; lastKnownFileType = sourcecode.swift; path = SessionReportView.swift; sourceTree = "<group>"; };
		C0AE20400F50A238B47E8B25 /* PrivacyInfo.xcprivacy */ = {isa = PBXFileReference; path = PrivacyInfo.xcprivacy; sourceTree = "<group>"; };
		C0CC14730BDF0F2EBAE9BCEB /* LocalizationKey.swift */ = {isa = PBXFileReference; lastKnownFileType = sourcecode.swift; path = LocalizationKey.swift; sourceTree = "<group>"; };
		C900D2DC3721D95BB94BDCC8 /* IronLogUITests.xctest */ = {isa = PBXFileReference; includeInIndex = 0; lastKnownFileType = wrapper.cfbundle; path = IronLogUITests.xctest; sourceTree = BUILT_PRODUCTS_DIR; };
		C944DC8B7DB76AB7739A9704 /* ManageView.swift */ = {isa = PBXFileReference; lastKnownFileType = sourcecode.swift; path = ManageView.swift; sourceTree = "<group>"; };
		CB5E3D6DCC962E70A2FD1E35 /* CustomTabBar.swift */ = {isa = PBXFileReference; lastKnownFileType = sourcecode.swift; path = CustomTabBar.swift; sourceTree = "<group>"; };
		D19BB4EF19BE8FD07E3D174B /* StatsViewModel.swift */ = {isa = PBXFileReference; lastKnownFileType = sourcecode.swift; path = StatsViewModel.swift; sourceTree = "<group>"; };
		D1C9D5B23AF2891767FAE0A4 /* MediaCacheService.swift */ = {isa = PBXFileReference; lastKnownFileType = sourcecode.swift; path = MediaCacheService.swift; sourceTree = "<group>"; };
		D35B7823C882768BE4A72353 /* SyncQueueTests.swift */ = {isa = PBXFileReference; lastKnownFileType = sourcecode.swift; path = SyncQueueTests.swift; sourceTree = "<group>"; };
		D8E5A0A7B2083A60AF229BE0 /* WorkoutRow.swift */ = {isa = PBXFileReference; lastKnownFileType = sourcecode.swift; path = WorkoutRow.swift; sourceTree = "<group>"; };
		D9703A63902123FE48AF0314 /* ExerciseDefRepository.swift */ = {isa = PBXFileReference; lastKnownFileType = sourcecode.swift; path = ExerciseDefRepository.swift; sourceTree = "<group>"; };
		D9C76028811AA437DBB38047 /* ExercisePickerSheet.swift */ = {isa = PBXFileReference; lastKnownFileType = sourcecode.swift; path = ExercisePickerSheet.swift; sourceTree = "<group>"; };
		DA09F4813D44215E873407A3 /* CalendarViewModel.swift */ = {isa = PBXFileReference; lastKnownFileType = sourcecode.swift; path = CalendarViewModel.swift; sourceTree = "<group>"; };
		DF1572959497549AFCC874A8 /* SupabaseClientProvider.swift */ = {isa = PBXFileReference; lastKnownFileType = sourcecode.swift; path = SupabaseClientProvider.swift; sourceTree = "<group>"; };
		E1EDAFC681B974F2874F7FEC /* CalendarView.swift */ = {isa = PBXFileReference; lastKnownFileType = sourcecode.swift; path = CalendarView.swift; sourceTree = "<group>"; };
		E4A0D89F7B1F2C5DB6A2431B /* RootView.swift */ = {isa = PBXFileReference; lastKnownFileType = sourcecode.swift; path = RootView.swift; sourceTree = "<group>"; };
		E994D669C7E0883D947EAE86 /* GifVideoPlayer.swift */ = {isa = PBXFileReference; lastKnownFileType = sourcecode.swift; path = GifVideoPlayer.swift; sourceTree = "<group>"; };
		ED8FDF4FB6CA87B43BD9B919 /* OneRMTrendChart.swift */ = {isa = PBXFileReference; lastKnownFileType = sourcecode.swift; path = OneRMTrendChart.swift; sourceTree = "<group>"; };
		EFB26D97C4B83211FE28447E /* WorkoutEditorUITests.swift */ = {isa = PBXFileReference; lastKnownFileType = sourcecode.swift; path = WorkoutEditorUITests.swift; sourceTree = "<group>"; };
		F0E3F963EC207A5A7030B2FD /* SyncQueue.swift */ = {isa = PBXFileReference; lastKnownFileType = sourcecode.swift; path = SyncQueue.swift; sourceTree = "<group>"; };
		F26565AC8E006A50F5E9B0EC /* AppStore.swift */ = {isa = PBXFileReference; lastKnownFileType = sourcecode.swift; path = AppStore.swift; sourceTree = "<group>"; };
		F3C1F3F1384ED4AD5A28CBB6 /* ViewModifiers.swift */ = {isa = PBXFileReference; lastKnownFileType = sourcecode.swift; path = ViewModifiers.swift; sourceTree = "<group>"; };
		F48885ED25C02E1CC3D684C8 /* HistoryView.swift */ = {isa = PBXFileReference; lastKnownFileType = sourcecode.swift; path = HistoryView.swift; sourceTree = "<group>"; };
		FA2C5B52E566FC7EF1544219 /* Constants.swift */ = {isa = PBXFileReference; lastKnownFileType = sourcecode.swift; path = Constants.swift; sourceTree = "<group>"; };
		FA2ECEC7861DC9157B123EB5 /* SkeletonView.swift */ = {isa = PBXFileReference; lastKnownFileType = sourcecode.swift; path = SkeletonView.swift; sourceTree = "<group>"; };
		FB30383FFC494D379468516B /* WorkoutEditorViewModel.swift */ = {isa = PBXFileReference; lastKnownFileType = sourcecode.swift; path = WorkoutEditorViewModel.swift; sourceTree = "<group>"; };
/* End PBXFileReference section */

/* Begin PBXFrameworksBuildPhase section */
		9E32A6B012A596D4C032AD1E /* Frameworks */ = {
			isa = PBXFrameworksBuildPhase;
			buildActionMask = 2147483647;
			files = (
				A4A3706F3EBABF148ABC4398 /* Supabase in Frameworks */,
				586A4E4D212F3DEFBA23208B /* SDWebImageSwiftUI in Frameworks */,
				ACB520CCA6C77338604552D0 /* MarkdownUI in Frameworks */,
				7C994E3378F7F9EDD87934D9 /* KeychainSwift in Frameworks */,
				0A9C3D5A7D40D78E544EA6DB /* Reachability in Frameworks */,
				158BBF04AE74B06E34E041D8 /* Privy in Frameworks */,
			);
			runOnlyForDeploymentPostprocessing = 0;
		};
/* End PBXFrameworksBuildPhase section */

/* Begin PBXGroup section */
		15D1587726D520E10DC30CDC /* Stats */ = {
			isa = PBXGroup;
			children = (
				042D956599FBDCFB7E62D001 /* BodyPartPieChart.swift */,
				BBCD0A852BDC9BF7BBF73F29 /* LoadRiskView.swift */,
				ED8FDF4FB6CA87B43BD9B919 /* OneRMTrendChart.swift */,
				459B3084A0BE6B9A0DE34F34 /* StatsView.swift */,
				9A634322C94EEC428736DF68 /* WeeklyFrequencyChart.swift */,
				A4B56C05DAEC908BB73B15E9 /* WeeklyVolumeChart.swift */,
				4EFE2C887F4DB20709E56AA8 /* WorkoutDurationChart.swift */,
			);
			path = Stats;
			sourceTree = "<group>";
		};
		1739996077BD86B602937541 /* Core */ = {
			isa = PBXGroup;
			children = (
				FA2C5B52E566FC7EF1544219 /* Constants.swift */,
				14EE121DDD9E8575393E8973 /* DateUtils.swift */,
				50620E56B4E6CFABDEBC6CE2 /* Types.swift */,
				944883E2E9ED895D706F149C /* DTOs */,
				966A677E06914B2D39B3C2AB /* Models */,
			);
			path = Core;
			sourceTree = "<group>";
		};
		1E6C9044E0FAAAC576EC5AAE /* Shared */ = {
			isa = PBXGroup;
			children = (
				7842374BAEFD704EF86F653B /* BotanicalButton.swift */,
				B501F2E8A2A768631B6DD704 /* BotanicalCard.swift */,
				8F82123ACBFC9488ED1AB195 /* BotanicalTextField.swift */,
				80307970164A4CF129BD728A /* CategoryPicker.swift */,
				5DDF833C4D2B00874CED66FD /* ConfirmDialog.swift */,
				9E3D741E618129C45E4C8912 /* ExerciseDetailModal.swift */,
				E994D669C7E0883D947EAE86 /* GifVideoPlayer.swift */,
				29A3915049F155FDC80D55C7 /* NumberStepperField.swift */,
				FA2ECEC7861DC9157B123EB5 /* SkeletonView.swift */,
				50DD0DCFA25E75B70EA1C405 /* ToastView.swift */,
				59B87F11393A1BC6E99E2300 /* YouTubeWebView.swift */,
			);
			path = Shared;
			sourceTree = "<group>";
		};
		21058606C05AB2C5E6D2A666 /* Sync */ = {
			isa = PBXGroup;
			children = (
				9B109BCD185EE69B04C1094C /* NetworkMonitor.swift */,
				F0E3F963EC207A5A7030B2FD /* SyncQueue.swift */,
			);
			path = Sync;
			sourceTree = "<group>";
		};
		2AFCEB043D86E5E7233D6A9E /* App */ = {
			isa = PBXGroup;
			children = (
				2A1EA45A6F6576603A6D6BC7 /* AppDelegate.swift */,
				AF1965348F307813D314273F /* IronLogApp.swift */,
				E4A0D89F7B1F2C5DB6A2431B /* RootView.swift */,
			);
			path = App;
			sourceTree = "<group>";
		};
		3F47C8A5B2BD310177171771 /* Resources */ = {
			isa = PBXGroup;
			children = (
				3546CCF1405ECC208820E429 /* Assets.xcassets */,
				C0AE20400F50A238B47E8B25 /* PrivacyInfo.xcprivacy */,
				4E1E31720E3F702F15C3DA39 /* Fonts */,
			);
			path = Resources;
			sourceTree = "<group>";
		};
		43729B3B6F5E23D6CB3B3D57 /* i18n */ = {
			isa = PBXGroup;
			children = (
				2EA2BF1EDA87E7BBD910470A /* Localizable.xcstrings */,
				C0CC14730BDF0F2EBAE9BCEB /* LocalizationKey.swift */,
			);
			path = i18n;
			sourceTree = "<group>";
		};
		495CA01E4CE7E827A22E4F5C /* Products */ = {
			isa = PBXGroup;
			children = (
				BA7B0C3CDFB7A63DD8DDDB50 /* IronLog.app */,
				381D2DE6CA1AB5E9ED39F06B /* IronLogTests.xctest */,
				C900D2DC3721D95BB94BDCC8 /* IronLogUITests.xctest */,
			);
			name = Products;
			sourceTree = "<group>";
		};
		4E1E31720E3F702F15C3DA39 /* Fonts */ = {
			isa = PBXGroup;
			children = (
				4F1ECA9B8A0D3D673881C83E /* .gitkeep */,
			);
			path = Fonts;
			sourceTree = "<group>";
		};
		56517C4D13EE150DC304E2B2 /* Calendar */ = {
			isa = PBXGroup;
			children = (
				E1EDAFC681B974F2874F7FEC /* CalendarView.swift */,
				5175EBF0E5559E04D9983E41 /* DayWorkoutListView.swift */,
			);
			path = Calendar;
			sourceTree = "<group>";
		};
		5B274AD25E26AE18DC46E983 /* Manage */ = {
			isa = PBXGroup;
			children = (
				C944DC8B7DB76AB7739A9704 /* ManageView.swift */,
			);
			path = Manage;
			sourceTree = "<group>";
		};
		5D231ED9F0D0ADDABBF6B1C4 /* Media */ = {
			isa = PBXGroup;
			children = (
				D1C9D5B23AF2891767FAE0A4 /* MediaCacheService.swift */,
				7D38F39B6E41A0E691E00735 /* MediaUploadService.swift */,
			);
			path = Media;
			sourceTree = "<group>";
		};
		624AD47F3D53D3EEE7DEF275 /* Auth */ = {
			isa = PBXGroup;
			children = (
				39EBEB9070121E82D4B1EE77 /* PrivyAuthService.swift */,
				2B94B789785ACF7F102E255F /* TokenExchangeService.swift */,
			);
			path = Auth;
			sourceTree = "<group>";
		};
		6B740FE5AE57A490AAF113A9 /* Profile */ = {
			isa = PBXGroup;
			children = (
				0D9C161F6BAA7EF99273C9FB /* ProfileSettingsView.swift */,
				A072709B6240E14E4804A27E /* ProfileView.swift */,
			);
			path = Profile;
			sourceTree = "<group>";
		};
		6DAF1FD744C12AF759FA6153 = {
			isa = PBXGroup;
			children = (
				E878063FF779C1AB1666E5A1 /* IronLog */,
				B0A7A204810D8A18F694543F /* IronLogTests */,
				80510B5B5DC298766436224D /* IronLogUITests */,
				495CA01E4CE7E827A22E4F5C /* Products */,
			);
			sourceTree = "<group>";
		};
		7E529F9118D5CD8AAD195082 /* Store */ = {
			isa = PBXGroup;
			children = (
				F26565AC8E006A50F5E9B0EC /* AppStore.swift */,
			);
			path = Store;
			sourceTree = "<group>";
		};
		80510B5B5DC298766436224D /* IronLogUITests */ = {
			isa = PBXGroup;
			children = (
				0F9D365B13C54F79AD08CA45 /* DashboardUITests.swift */,
				EFB26D97C4B83211FE28447E /* WorkoutEditorUITests.swift */,
			);
			path = IronLogUITests;
			sourceTree = "<group>";
		};
		84F05DA06EC0BBBCAF05252B /* Supabase */ = {
			isa = PBXGroup;
			children = (
				D9703A63902123FE48AF0314 /* ExerciseDefRepository.swift */,
				2CD97DAE59CAA1AF22E349A9 /* OfficialContentRepository.swift */,
				DF1572959497549AFCC874A8 /* SupabaseClientProvider.swift */,
				1B13B9FFA312DB9F40745451 /* TemplateRepository.swift */,
				1AE1F885A65CF0CFAE2513FF /* WorkoutRepository.swift */,
			);
			path = Supabase;
			sourceTree = "<group>";
		};
		86C6B699A050091305C25FF7 /* Services */ = {
			isa = PBXGroup;
			children = (
				A712DB5B5C2914A0494F93C7 /* ExportService.swift */,
				6A69FE9C2BE1E76A9B996ABF /* NotificationService.swift */,
				E649BFF1F24F306B3104F5CC /* Analytics */,
				624AD47F3D53D3EEE7DEF275 /* Auth */,
				5D231ED9F0D0ADDABBF6B1C4 /* Media */,
				84F05DA06EC0BBBCAF05252B /* Supabase */,
				21058606C05AB2C5E6D2A666 /* Sync */,
			);
			path = Services;
			sourceTree = "<group>";
		};
		87251FB42B1DD3C0F8D2C33E /* Dashboard */ = {
			isa = PBXGroup;
			children = (
				80032C9659C0D593595D9A36 /* DashboardView.swift */,
				61C524F5785739553574A8AB /* RestDayCardView.swift */,
				31759D78CD07EC4EC5E677B1 /* WorkoutCardView.swift */,
			);
			path = Dashboard;
			sourceTree = "<group>";
		};
		944883E2E9ED895D706F149C /* DTOs */ = {
			isa = PBXGroup;
			children = (
				17F723DD93BCCF2D66C10F7A /* ExerciseDefRow.swift */,
				D8E5A0A7B2083A60AF229BE0 /* WorkoutRow.swift */,
				A1BEDC318D74A05409D52D3F /* WorkoutTemplateRow.swift */,
			);
			path = DTOs;
			sourceTree = "<group>";
		};
		966A677E06914B2D39B3C2AB /* Models */ = {
			isa = PBXGroup;
			children = (
				19D1B3DA0E838234754825FD /* ExerciseDefModel.swift */,
				A7435140E98A17622544EA83 /* ExerciseInstanceModel.swift */,
				A3E57FD6535ADB934C00DB17 /* SyncQueueItemModel.swift */,
				2574B2A04362DD0A74DCC36B /* WorkoutModel.swift */,
				6D90F4B258E61397454BB98F /* WorkoutSetModel.swift */,
				9BF4509E5E4F0139CD602515 /* WorkoutTemplateModel.swift */,
			);
			path = Models;
			sourceTree = "<group>";
		};
		A0752037A2A69357D5963E0E /* Main */ = {
			isa = PBXGroup;
			children = (
				CB5E3D6DCC962E70A2FD1E35 /* CustomTabBar.swift */,
				53C44A474400449FA95ADE5E /* MainTabView.swift */,
			);
			path = Main;
			sourceTree = "<group>";
		};
		AB75DA28F96AD1ED73A9EE2D /* Views */ = {
			isa = PBXGroup;
			children = (
				B624A7A3E942340D0A6B202E /* Auth */,
				56517C4D13EE150DC304E2B2 /* Calendar */,
				87251FB42B1DD3C0F8D2C33E /* Dashboard */,
				FCE47075EF8143A2303FDD1C /* History */,
				A0752037A2A69357D5963E0E /* Main */,
				5B274AD25E26AE18DC46E983 /* Manage */,
				6B740FE5AE57A490AAF113A9 /* Profile */,
				1E6C9044E0FAAAC576EC5AAE /* Shared */,
				15D1587726D520E10DC30CDC /* Stats */,
				BBACB25B119175790E1FC86C /* WorkoutEditor */,
			);
			path = Views;
			sourceTree = "<group>";
		};
		B0A7A204810D8A18F694543F /* IronLogTests */ = {
			isa = PBXGroup;
			children = (
				BB2A36FBEB1BE0057663601D /* PrivyAuthServiceTests.swift */,
				1513FDE575080B741C17BC6C /* PRServiceTests.swift */,
				85B2B6CF6A28CC171C03496E /* StatsServiceTests.swift */,
				D35B7823C882768BE4A72353 /* SyncQueueTests.swift */,
				5DE555120F8FB45CC03AA8C5 /* TokenExchangeTests.swift */,
			);
			path = IronLogTests;
			sourceTree = "<group>";
		};
		B624A7A3E942340D0A6B202E /* Auth */ = {
			isa = PBXGroup;
			children = (
				ABB7C444BB89DFC08DFE0FF1 /* LoginView.swift */,
				968AED3F9165D0FA4812439A /* PrivyWebAuthView.swift */,
			);
			path = Auth;
			sourceTree = "<group>";
		};
		B83D37DE9B4E7DE285DDDB23 /* DesignSystem */ = {
			isa = PBXGroup;
			children = (
				69E4BA57CF2C175F414E5603 /* BotanicalTheme.swift */,
				A9F49B26A9C1AD6A27241B14 /* Color+Botanical.swift */,
				B724B1AE89DB5B86391DE761 /* Font+Botanical.swift */,
				F3C1F3F1384ED4AD5A28CBB6 /* ViewModifiers.swift */,
			);
			path = DesignSystem;
			sourceTree = "<group>";
		};
		BBACB25B119175790E1FC86C /* WorkoutEditor */ = {
			isa = PBXGroup;
			children = (
				47D9ACE082C7DA25F3FA5C76 /* CreateExerciseSheet.swift */,
				073D188DA1B97BF70AE0AB1D /* EditExerciseSheet.swift */,
				38F5FA47594940359C2D1F28 /* ExerciseCardView.swift */,
				D9C76028811AA437DBB38047 /* ExercisePickerSheet.swift */,
				7B349FB4D3F61E733488ED65 /* RestTimerView.swift */,
				BD966DDD8CBB27C0CC5963C1 /* SessionReportView.swift */,
				12DEE04DD317BCC3E4DB102F /* SetRowView.swift */,
				1E5B1AD43D6A52EE0D20DADF /* WorkoutEditorView.swift */,
			);
			path = WorkoutEditor;
			sourceTree = "<group>";
		};
		DB4B3DC3D997A42D291535C7 /* ViewModels */ = {
			isa = PBXGroup;
			children = (
				DA09F4813D44215E873407A3 /* CalendarViewModel.swift */,
				79C5923EA2E06CD4FF8D147B /* DashboardViewModel.swift */,
				462DD0F6E02AD7FB204CAC3E /* HistoryViewModel.swift */,
				15E039F96FA1B99D91863A7A /* ManageViewModel.swift */,
				D19BB4EF19BE8FD07E3D174B /* StatsViewModel.swift */,
				FB30383FFC494D379468516B /* WorkoutEditorViewModel.swift */,
			);
			path = ViewModels;
			sourceTree = "<group>";
		};
		E649BFF1F24F306B3104F5CC /* Analytics */ = {
			isa = PBXGroup;
			children = (
				9AA444093664A03BD7B7F49F /* PRService.swift */,
				A8E15B4A2260A75E3E0BC141 /* StatsService.swift */,
			);
			path = Analytics;
			sourceTree = "<group>";
		};
		E878063FF779C1AB1666E5A1 /* IronLog */ = {
			isa = PBXGroup;
			children = (
				77FD0FF6F621454F8735020E /* Info.plist */,
				7FB8A89E56D00AB1E9359AFA /* IronLog.entitlements */,
				2AFCEB043D86E5E7233D6A9E /* App */,
				1739996077BD86B602937541 /* Core */,
				B83D37DE9B4E7DE285DDDB23 /* DesignSystem */,
				43729B3B6F5E23D6CB3B3D57 /* i18n */,
				3F47C8A5B2BD310177171771 /* Resources */,
				86C6B699A050091305C25FF7 /* Services */,
				7E529F9118D5CD8AAD195082 /* Store */,
				DB4B3DC3D997A42D291535C7 /* ViewModels */,
				AB75DA28F96AD1ED73A9EE2D /* Views */,
			);
			path = IronLog;
			sourceTree = "<group>";
		};
		FCE47075EF8143A2303FDD1C /* History */ = {
			isa = PBXGroup;
			children = (
				AF998A2ED29F7DD41B36AF21 /* HistoryFilterSheet.swift */,
				F48885ED25C02E1CC3D684C8 /* HistoryView.swift */,
			);
			path = History;
			sourceTree = "<group>";
		};
/* End PBXGroup section */

/* Begin PBXNativeTarget section */
		2B52870E96751A366903E3A9 /* IronLogTests */ = {
			isa = PBXNativeTarget;
			buildConfigurationList = BAE2D918BCE2500E05E37CF5 /* Build configuration list for PBXNativeTarget "IronLogTests" */;
			buildPhases = (
				0096275CAC45106DF0436750 /* Sources */,
			);
			buildRules = (
			);
			dependencies = (
				7549F21C3FB2E0ADBDD3FAC9 /* PBXTargetDependency */,
			);
			name = IronLogTests;
			packageProductDependencies = (
			);
			productName = IronLogTests;
			productReference = 381D2DE6CA1AB5E9ED39F06B /* IronLogTests.xctest */;
			productType = "com.apple.product-type.bundle.unit-test";
		};
		68F127FF37A8B7D8E5F786A1 /* IronLog */ = {
			isa = PBXNativeTarget;
			buildConfigurationList = C72F111CCCFA6384B7653AE9 /* Build configuration list for PBXNativeTarget "IronLog" */;
			buildPhases = (
				5B88375E5A8E44EEE7363B59 /* Sources */,
				14BA291800AD957122F48C92 /* Resources */,
				9E32A6B012A596D4C032AD1E /* Frameworks */,
			);
			buildRules = (
			);
			dependencies = (
			);
			name = IronLog;
			packageProductDependencies = (
				6A9C4AB88330A9FFC30C0FEC /* Supabase */,
				C93C6F1077B7A079AC16E248 /* SDWebImageSwiftUI */,
				1CA98A009A7235A0F848C9AE /* MarkdownUI */,
				5A78DDB0DDBE591069C26DD2 /* KeychainSwift */,
				39CBC4D0471BD59ABDFD5A09 /* Reachability */,
				074EC5457E8DAAFBD92FCAB8 /* Privy */,
			);
			productName = IronLog;
			productReference = BA7B0C3CDFB7A63DD8DDDB50 /* IronLog.app */;
			productType = "com.apple.product-type.application";
		};
		7D9FEC9EEFAF3AC447420808 /* IronLogUITests */ = {
			isa = PBXNativeTarget;
			buildConfigurationList = ACADD55E1BE6A3AE4178F31D /* Build configuration list for PBXNativeTarget "IronLogUITests" */;
			buildPhases = (
				BD4A9421946B8ED6B49F1973 /* Sources */,
			);
			buildRules = (
			);
			dependencies = (
				E67A1E37BCED9C1EDCBA8790 /* PBXTargetDependency */,
			);
			name = IronLogUITests;
			packageProductDependencies = (
			);
			productName = IronLogUITests;
			productReference = C900D2DC3721D95BB94BDCC8 /* IronLogUITests.xctest */;
			productType = "com.apple.product-type.bundle.ui-testing";
		};
/* End PBXNativeTarget section */

/* Begin PBXProject section */
		793DCC82B1A115B1EAD8E10A /* Project object */ = {
			isa = PBXProject;
			attributes = {
				BuildIndependentTargetsInParallel = YES;
				LastUpgradeCheck = 1430;
				TargetAttributes = {
					2B52870E96751A366903E3A9 = {
						DevelopmentTeam = "";
					};
					68F127FF37A8B7D8E5F786A1 = {
						DevelopmentTeam = "";
					};
					7D9FEC9EEFAF3AC447420808 = {
						DevelopmentTeam = "";
						TestTargetID = 68F127FF37A8B7D8E5F786A1;
					};
				};
			};
			buildConfigurationList = E98970C7231D9BE3F54C332D /* Build configuration list for PBXProject "IronLog" */;
			compatibilityVersion = "Xcode 14.0";
			developmentRegion = en;
			hasScannedForEncodings = 0;
			knownRegions = (
				Base,
				en,
				"zh-Hans",
			);
			mainGroup = 6DAF1FD744C12AF759FA6153;
			minimizedProjectReferenceProxies = 1;
			packageReferences = (
				6FBCD14C37DC9BD03AFBC650 /* XCRemoteSwiftPackageReference "keychain-swift" */,
				1EB331BADE8CD67CD23F32BE /* XCRemoteSwiftPackageReference "swift-markdown-ui" */,
				6A6828C46C015EDF8573625B /* XCRemoteSwiftPackageReference "privy-ios" */,
				76AE6EB4D4604F0D5924DC08 /* XCRemoteSwiftPackageReference "Reachability.swift" */,
				C1CF2F1789C2A2EBFEA6008C /* XCRemoteSwiftPackageReference "SDWebImageSwiftUI" */,
				9EB138AB94C27CA9E2F71660 /* XCRemoteSwiftPackageReference "supabase-swift" */,
			);
			preferredProjectObjectVersion = 77;
			projectDirPath = "";
			projectRoot = "";
			targets = (
				68F127FF37A8B7D8E5F786A1 /* IronLog */,
				2B52870E96751A366903E3A9 /* IronLogTests */,
				7D9FEC9EEFAF3AC447420808 /* IronLogUITests */,
			);
		};
/* End PBXProject section */

/* Begin PBXResourcesBuildPhase section */
		14BA291800AD957122F48C92 /* Resources */ = {
			isa = PBXResourcesBuildPhase;
			buildActionMask = 2147483647;
			files = (
				5259E04EE8D7387545301C37 /* Assets.xcassets in Resources */,
				0158E738EF8002CB11B32A37 /* Localizable.xcstrings in Resources */,
				0453CA49D82F830C4F7DE01B /* PrivacyInfo.xcprivacy in Resources */,
			);
			runOnlyForDeploymentPostprocessing = 0;
		};
/* End PBXResourcesBuildPhase section */

/* Begin PBXSourcesBuildPhase section */
		0096275CAC45106DF0436750 /* Sources */ = {
			isa = PBXSourcesBuildPhase;
			buildActionMask = 2147483647;
			files = (
				CA8FD91A0E93ABB32F177F15 /* PRServiceTests.swift in Sources */,
				B6811B4712F92F3FAFFE9575 /* PrivyAuthServiceTests.swift in Sources */,
				BDFE8B09766E40D09B3A7831 /* StatsServiceTests.swift in Sources */,
				0F2B4A40B41B2A441323BEC6 /* SyncQueueTests.swift in Sources */,
				F8FB2D40E4015FD0BB12544A /* TokenExchangeTests.swift in Sources */,
			);
			runOnlyForDeploymentPostprocessing = 0;
		};
		5B88375E5A8E44EEE7363B59 /* Sources */ = {
			isa = PBXSourcesBuildPhase;
			buildActionMask = 2147483647;
			files = (
				9F16AF96EE5CE7D81C89C433 /* AppDelegate.swift in Sources */,
				C93F7E51B4B015B282ADAFB4 /* AppStore.swift in Sources */,
				CDF9BDE5C88B0DAAFA4FA70A /* BodyPartPieChart.swift in Sources */,
				12DC0D8D756507BCFA6EFB26 /* BotanicalButton.swift in Sources */,
				6EB5C43DC9A1FB90E95018F9 /* BotanicalCard.swift in Sources */,
				9BE4A050EAE63E3AC6B13A4A /* BotanicalTextField.swift in Sources */,
				A142785FFD02C9D39E8361DE /* BotanicalTheme.swift in Sources */,
				B8B10610EA51D637CED0ADE0 /* CalendarView.swift in Sources */,
				BE82E687686F174D59B00651 /* CalendarViewModel.swift in Sources */,
				34875230E79FD615573AB289 /* CategoryPicker.swift in Sources */,
				E677E30ACD9BF946D887C634 /* Color+Botanical.swift in Sources */,
				D81D524D507DF4DD9B6B5305 /* ConfirmDialog.swift in Sources */,
				9A259195A119A7A5CD29ED89 /* Constants.swift in Sources */,
				15FC498BED1E7E63FA5A9DF0 /* CreateExerciseSheet.swift in Sources */,
				823B376DE91564AC36C95779 /* CustomTabBar.swift in Sources */,
				BD5150140FCB6BE9D3E905FF /* DashboardView.swift in Sources */,
				1AD4F392743E9E02FF62DDFA /* DashboardViewModel.swift in Sources */,
				79C46386FD7B4336F4402572 /* DateUtils.swift in Sources */,
				418862C9144D6D26796851C1 /* DayWorkoutListView.swift in Sources */,
				05D5D4ABC5B9B27652867C3F /* EditExerciseSheet.swift in Sources */,
				A99E9198A9494DA60F96424B /* ExerciseCardView.swift in Sources */,
				3896CE47228C2A34260CDF5C /* ExerciseDefModel.swift in Sources */,
				845378817815A6165FE52A74 /* ExerciseDefRepository.swift in Sources */,
				AB3FC55611CF591FFB363E57 /* ExerciseDefRow.swift in Sources */,
				5555E4D2041F44B98E3251B7 /* ExerciseDetailModal.swift in Sources */,
				98076073C48F2B30063446E3 /* ExerciseInstanceModel.swift in Sources */,
				96CECE90A292EC49463FFB06 /* ExercisePickerSheet.swift in Sources */,
				B424F7684C0878061ADD3F2D /* ExportService.swift in Sources */,
				7697810A2B7132CA2DDF4F4F /* Font+Botanical.swift in Sources */,
				170962E5CE4B863B77D2337C /* GifVideoPlayer.swift in Sources */,
				5573CDC34AE6D1B30D8A30BA /* HistoryFilterSheet.swift in Sources */,
				360486B227F573F6BD0FC318 /* HistoryView.swift in Sources */,
				D828C456619324726437BE1B /* HistoryViewModel.swift in Sources */,
				C6385F1C500E9D8A7B0522A6 /* IronLogApp.swift in Sources */,
				A77D8800D67FC681AD50C7CF /* LoadRiskView.swift in Sources */,
				11C7D7512B95FC7F76F4435F /* LocalizationKey.swift in Sources */,
				C88D46E4F4467AEC28EDF776 /* LoginView.swift in Sources */,
				8C39A1CC2134B50FAD9FE7FA /* MainTabView.swift in Sources */,
				24A17FB14052069813DE3374 /* ManageView.swift in Sources */,
				23FC4F781A55D1EED62B99FA /* ManageViewModel.swift in Sources */,
				281E2C2E5524953C9052841D /* MediaCacheService.swift in Sources */,
				04CBEE4476FEC41A8F69CF67 /* MediaUploadService.swift in Sources */,
				97E0DB1AFC7764CFC478CD27 /* NetworkMonitor.swift in Sources */,
				99803BC11C640ACDE7FC14DB /* NotificationService.swift in Sources */,
				B4A4DD6D850D45D74E8EA985 /* NumberStepperField.swift in Sources */,
				BA272348765AFF705E31C5A6 /* OfficialContentRepository.swift in Sources */,
				DD0F22F3C9FAC6FABA40731A /* OneRMTrendChart.swift in Sources */,
				49EA6B956CE82344BB8B5DB1 /* PRService.swift in Sources */,
				2E9EA4BB6AE1660E30339DAA /* PrivyAuthService.swift in Sources */,
				93580FA164152720D93CD363 /* PrivyWebAuthView.swift in Sources */,
				603DFDBB5CC38A3C943BBC75 /* ProfileSettingsView.swift in Sources */,
				0F89CAEE44FC82DCAD9C5670 /* ProfileView.swift in Sources */,
				CB60AB8EE2F6405746C42150 /* RestDayCardView.swift in Sources */,
				B5D9EA693E1CD032B1161AC1 /* RestTimerView.swift in Sources */,
				36961199CA2C4EDDEB3821BA /* RootView.swift in Sources */,
				DA2D3B1E016ABAAC4C2CBFF6 /* SessionReportView.swift in Sources */,
				A3DB0BD241AB2B6A13CD5365 /* SetRowView.swift in Sources */,
				700F83873E6A3B4F08033398 /* SkeletonView.swift in Sources */,
				6BBAF5780452ED41795F2BBB /* StatsService.swift in Sources */,
				BEB65A4F80A1F169AAE66FCA /* StatsView.swift in Sources */,
				148F2485401A9795396C0574 /* StatsViewModel.swift in Sources */,
				D4233032B89E43C044AB40A6 /* SupabaseClientProvider.swift in Sources */,
				60931E5BEB7203D655D5A630 /* SyncQueue.swift in Sources */,
				F557DF7E0EAA8A4007B481A1 /* SyncQueueItemModel.swift in Sources */,
				0E4821253E1E3E6F781AEFFC /* TemplateRepository.swift in Sources */,
				D0D9C6E39737364F0CF80B4F /* ToastView.swift in Sources */,
				ABB1A1752DB9D4A7ADA97BA2 /* TokenExchangeService.swift in Sources */,
				397073CA35EDD0599F18E260 /* Types.swift in Sources */,
				ACBAFE344B9739E202298836 /* ViewModifiers.swift in Sources */,
				C45C010FEA4806D90AA501C0 /* WeeklyFrequencyChart.swift in Sources */,
				C8CB136C387807E8F18DF904 /* WeeklyVolumeChart.swift in Sources */,
				310DC9B05F5DCEABB7C2B899 /* WorkoutCardView.swift in Sources */,
				669550B9D90EAB1D53F34EB2 /* WorkoutDurationChart.swift in Sources */,
				89E7E1B284178FC5896DB993 /* WorkoutEditorView.swift in Sources */,
				0FB229A8C7481C52E7ABFBE0 /* WorkoutEditorViewModel.swift in Sources */,
				544D52D0DEEA7B5DD02C6052 /* WorkoutModel.swift in Sources */,
				EA32A17BA3C747EB11DDF863 /* WorkoutRepository.swift in Sources */,
				150ED71E6B21F368F5C76705 /* WorkoutRow.swift in Sources */,
				6C11D36B98EDFD268D902106 /* WorkoutSetModel.swift in Sources */,
				2EFB3D42B610CC024D34A650 /* WorkoutTemplateModel.swift in Sources */,
				1085E6CA83CDEA078906295E /* WorkoutTemplateRow.swift in Sources */,
				003A7226A04AE1B3047FCC0C /* YouTubeWebView.swift in Sources */,
			);
			runOnlyForDeploymentPostprocessing = 0;
		};
		BD4A9421946B8ED6B49F1973 /* Sources */ = {
			isa = PBXSourcesBuildPhase;
			buildActionMask = 2147483647;
			files = (
				C107836284A113849279A4E2 /* DashboardUITests.swift in Sources */,
				E4323C0723EEDA09A06EA530 /* WorkoutEditorUITests.swift in Sources */,
			);
			runOnlyForDeploymentPostprocessing = 0;
		};
/* End PBXSourcesBuildPhase section */

/* Begin PBXTargetDependency section */
		7549F21C3FB2E0ADBDD3FAC9 /* PBXTargetDependency */ = {
			isa = PBXTargetDependency;
			target = 68F127FF37A8B7D8E5F786A1 /* IronLog */;
			targetProxy = 6BC39042AFCB7D6635413706 /* PBXContainerItemProxy */;
		};
		E67A1E37BCED9C1EDCBA8790 /* PBXTargetDependency */ = {
			isa = PBXTargetDependency;
			target = 68F127FF37A8B7D8E5F786A1 /* IronLog */;
			targetProxy = 7C1FB9C4597F0386BCEC3C5D /* PBXContainerItemProxy */;
		};
/* End PBXTargetDependency section */

/* Begin XCBuildConfiguration section */
		348840D096C2C93EFB78DF5C /* Debug */ = {
			isa = XCBuildConfiguration;
			buildSettings = {
				BUNDLE_LOADER = "$(TEST_HOST)";
				GENERATE_INFOPLIST_FILE = YES;
				LD_RUNPATH_SEARCH_PATHS = (
					"$(inherited)",
					"@executable_path/Frameworks",
					"@loader_path/Frameworks",
				);
				PRODUCT_BUNDLE_IDENTIFIER = com.syntaxis.IronLogTests;
				SDKROOT = iphoneos;
				TARGETED_DEVICE_FAMILY = "1,2";
				TEST_HOST = "$(BUILT_PRODUCTS_DIR)/IronLog.app/IronLog";
			};
			name = Debug;
		};
		3666C264FFBBDD59CEAABE30 /* Debug */ = {
			isa = XCBuildConfiguration;
			buildSettings = {
				ASSETCATALOG_COMPILER_APPICON_NAME = AppIcon;
				CODE_SIGN_ENTITLEMENTS = IronLog/IronLog.entitlements;
				CODE_SIGN_IDENTITY = "iPhone Developer";
				GENERATE_INFOPLIST_FILE = NO;
				INFOPLIST_FILE = IronLog/Info.plist;
				LD_RUNPATH_SEARCH_PATHS = (
					"$(inherited)",
					"@executable_path/Frameworks",
				);
				PRODUCT_BUNDLE_IDENTIFIER = com.syntaxis.ironlog;
				SDKROOT = iphoneos;
				TARGETED_DEVICE_FAMILY = "1,2";
			};
			name = Debug;
		};
		47DBC81C300F37B1B1B864F5 /* Release */ = {
			isa = XCBuildConfiguration;
			buildSettings = {
				ASSETCATALOG_COMPILER_APPICON_NAME = AppIcon;
				CODE_SIGN_ENTITLEMENTS = IronLog/IronLog.entitlements;
				CODE_SIGN_IDENTITY = "iPhone Developer";
				GENERATE_INFOPLIST_FILE = NO;
				INFOPLIST_FILE = IronLog/Info.plist;
				LD_RUNPATH_SEARCH_PATHS = (
					"$(inherited)",
					"@executable_path/Frameworks",
				);
				PRODUCT_BUNDLE_IDENTIFIER = com.syntaxis.ironlog;
				SDKROOT = iphoneos;
				TARGETED_DEVICE_FAMILY = "1,2";
			};
			name = Release;
		};
		4A698A9B5B874372D75E9E76 /* Release */ = {
			isa = XCBuildConfiguration;
			buildSettings = {
				BUNDLE_LOADER = "$(TEST_HOST)";
				GENERATE_INFOPLIST_FILE = YES;
				LD_RUNPATH_SEARCH_PATHS = (
					"$(inherited)",
					"@executable_path/Frameworks",
					"@loader_path/Frameworks",
				);
				PRODUCT_BUNDLE_IDENTIFIER = com.syntaxis.IronLogTests;
				SDKROOT = iphoneos;
				TARGETED_DEVICE_FAMILY = "1,2";
				TEST_HOST = "$(BUILT_PRODUCTS_DIR)/IronLog.app/IronLog";
			};
			name = Release;
		};
		4D2FE41C5E15B4243CD11FEE /* Release */ = {
			isa = XCBuildConfiguration;
			buildSettings = {
				ALWAYS_SEARCH_USER_PATHS = NO;
				CLANG_ANALYZER_NONNULL = YES;
				CLANG_ANALYZER_NUMBER_OBJECT_CONVERSION = YES_AGGRESSIVE;
				CLANG_CXX_LANGUAGE_STANDARD = "gnu++14";
				CLANG_CXX_LIBRARY = "libc++";
				CLANG_ENABLE_MODULES = YES;
				CLANG_ENABLE_OBJC_ARC = YES;
				CLANG_ENABLE_OBJC_WEAK = YES;
				CLANG_WARN_BLOCK_CAPTURE_AUTORELEASING = YES;
				CLANG_WARN_BOOL_CONVERSION = YES;
				CLANG_WARN_COMMA = YES;
				CLANG_WARN_CONSTANT_CONVERSION = YES;
				CLANG_WARN_DEPRECATED_OBJC_IMPLEMENTATIONS = YES;
				CLANG_WARN_DIRECT_OBJC_ISA_USAGE = YES_ERROR;
				CLANG_WARN_DOCUMENTATION_COMMENTS = YES;
				CLANG_WARN_EMPTY_BODY = YES;
				CLANG_WARN_ENUM_CONVERSION = YES;
				CLANG_WARN_INFINITE_RECURSION = YES;
				CLANG_WARN_INT_CONVERSION = YES;
				CLANG_WARN_NON_LITERAL_NULL_CONVERSION = YES;
				CLANG_WARN_OBJC_IMPLICIT_RETAIN_SELF = YES;
				CLANG_WARN_OBJC_LITERAL_CONVERSION = YES;
				CLANG_WARN_OBJC_ROOT_CLASS = YES_ERROR;
				CLANG_WARN_QUOTED_INCLUDE_IN_FRAMEWORK_HEADER = YES;
				CLANG_WARN_RANGE_LOOP_ANALYSIS = YES;
				CLANG_WARN_STRICT_PROTOTYPES = YES;
				CLANG_WARN_SUSPICIOUS_MOVE = YES;
				CLANG_WARN_UNGUARDED_AVAILABILITY = YES_AGGRESSIVE;
				CLANG_WARN_UNREACHABLE_CODE = YES;
				CLANG_WARN__DUPLICATE_METHOD_MATCH = YES;
				COPY_PHASE_STRIP = NO;
				CURRENT_PROJECT_VERSION = 1;
				DEBUG_INFORMATION_FORMAT = "dwarf-with-dsym";
				DEVELOPMENT_TEAM = "";
				ENABLE_NS_ASSERTIONS = NO;
				ENABLE_STRICT_OBJC_MSGSEND = YES;
				GCC_C_LANGUAGE_STANDARD = gnu11;
				GCC_NO_COMMON_BLOCKS = YES;
				GCC_WARN_64_TO_32_BIT_CONVERSION = YES;
				GCC_WARN_ABOUT_RETURN_TYPE = YES_ERROR;
				GCC_WARN_UNDECLARED_SELECTOR = YES;
				GCC_WARN_UNINITIALIZED_AUTOS = YES_AGGRESSIVE;
				GCC_WARN_UNUSED_FUNCTION = YES;
				GCC_WARN_UNUSED_VARIABLE = YES;
				IPHONEOS_DEPLOYMENT_TARGET = 17.0;
				MARKETING_VERSION = 1.0.0;
				MTL_ENABLE_DEBUG_INFO = NO;
				MTL_FAST_MATH = YES;
				PRODUCT_NAME = "$(TARGET_NAME)";
				SDKROOT = iphoneos;
				SWIFT_COMPILATION_MODE = wholemodule;
				SWIFT_OPTIMIZATION_LEVEL = "-O";
				SWIFT_VERSION = 5.1;
			};
			name = Release;
		};
		9B2750FE63816464E5ACA729 /* Debug */ = {
			isa = XCBuildConfiguration;
			buildSettings = {
				ALWAYS_SEARCH_USER_PATHS = NO;
				CLANG_ANALYZER_NONNULL = YES;
				CLANG_ANALYZER_NUMBER_OBJECT_CONVERSION = YES_AGGRESSIVE;
				CLANG_CXX_LANGUAGE_STANDARD = "gnu++14";
				CLANG_CXX_LIBRARY = "libc++";
				CLANG_ENABLE_MODULES = YES;
				CLANG_ENABLE_OBJC_ARC = YES;
				CLANG_ENABLE_OBJC_WEAK = YES;
				CLANG_WARN_BLOCK_CAPTURE_AUTORELEASING = YES;
				CLANG_WARN_BOOL_CONVERSION = YES;
				CLANG_WARN_COMMA = YES;
				CLANG_WARN_CONSTANT_CONVERSION = YES;
				CLANG_WARN_DEPRECATED_OBJC_IMPLEMENTATIONS = YES;
				CLANG_WARN_DIRECT_OBJC_ISA_USAGE = YES_ERROR;
				CLANG_WARN_DOCUMENTATION_COMMENTS = YES;
				CLANG_WARN_EMPTY_BODY = YES;
				CLANG_WARN_ENUM_CONVERSION = YES;
				CLANG_WARN_INFINITE_RECURSION = YES;
				CLANG_WARN_INT_CONVERSION = YES;
				CLANG_WARN_NON_LITERAL_NULL_CONVERSION = YES;
				CLANG_WARN_OBJC_IMPLICIT_RETAIN_SELF = YES;
				CLANG_WARN_OBJC_LITERAL_CONVERSION = YES;
				CLANG_WARN_OBJC_ROOT_CLASS = YES_ERROR;
				CLANG_WARN_QUOTED_INCLUDE_IN_FRAMEWORK_HEADER = YES;
				CLANG_WARN_RANGE_LOOP_ANALYSIS = YES;
				CLANG_WARN_STRICT_PROTOTYPES = YES;
				CLANG_WARN_SUSPICIOUS_MOVE = YES;
				CLANG_WARN_UNGUARDED_AVAILABILITY = YES_AGGRESSIVE;
				CLANG_WARN_UNREACHABLE_CODE = YES;
				CLANG_WARN__DUPLICATE_METHOD_MATCH = YES;
				COPY_PHASE_STRIP = NO;
				CURRENT_PROJECT_VERSION = 1;
				DEBUG_INFORMATION_FORMAT = dwarf;
				DEVELOPMENT_TEAM = "";
				ENABLE_STRICT_OBJC_MSGSEND = YES;
				ENABLE_TESTABILITY = YES;
				GCC_C_LANGUAGE_STANDARD = gnu11;
				GCC_DYNAMIC_NO_PIC = NO;
				GCC_NO_COMMON_BLOCKS = YES;
				GCC_OPTIMIZATION_LEVEL = 0;
				GCC_PREPROCESSOR_DEFINITIONS = (
					"$(inherited)",
					"DEBUG=1",
				);
				GCC_WARN_64_TO_32_BIT_CONVERSION = YES;
				GCC_WARN_ABOUT_RETURN_TYPE = YES_ERROR;
				GCC_WARN_UNDECLARED_SELECTOR = YES;
				GCC_WARN_UNINITIALIZED_AUTOS = YES_AGGRESSIVE;
				GCC_WARN_UNUSED_FUNCTION = YES;
				GCC_WARN_UNUSED_VARIABLE = YES;
				IPHONEOS_DEPLOYMENT_TARGET = 17.0;
				MARKETING_VERSION = 1.0.0;
				MTL_ENABLE_DEBUG_INFO = INCLUDE_SOURCE;
				MTL_FAST_MATH = YES;
				ONLY_ACTIVE_ARCH = YES;
				PRODUCT_NAME = "$(TARGET_NAME)";
				SDKROOT = iphoneos;
				SWIFT_ACTIVE_COMPILATION_CONDITIONS = DEBUG;
				SWIFT_OPTIMIZATION_LEVEL = "-Onone";
				SWIFT_VERSION = 5.1;
			};
			name = Debug;
		};
		A2DFC2271016EF565A07C244 /* Release */ = {
			isa = XCBuildConfiguration;
			buildSettings = {
				BUNDLE_LOADER = "$(TEST_HOST)";
				GENERATE_INFOPLIST_FILE = YES;
				LD_RUNPATH_SEARCH_PATHS = (
					"$(inherited)",
					"@executable_path/Frameworks",
					"@loader_path/Frameworks",
				);
				PRODUCT_BUNDLE_IDENTIFIER = com.syntaxis.IronLogUITests;
				SDKROOT = iphoneos;
				TARGETED_DEVICE_FAMILY = "1,2";
				TEST_TARGET_NAME = IronLog;
			};
			name = Release;
		};
		B71DEDFD6C8C29457EA2C637 /* Debug */ = {
			isa = XCBuildConfiguration;
			buildSettings = {
				BUNDLE_LOADER = "$(TEST_HOST)";
				GENERATE_INFOPLIST_FILE = YES;
				LD_RUNPATH_SEARCH_PATHS = (
					"$(inherited)",
					"@executable_path/Frameworks",
					"@loader_path/Frameworks",
				);
				PRODUCT_BUNDLE_IDENTIFIER = com.syntaxis.IronLogUITests;
				SDKROOT = iphoneos;
				TARGETED_DEVICE_FAMILY = "1,2";
				TEST_TARGET_NAME = IronLog;
			};
			name = Debug;
		};
/* End XCBuildConfiguration section */

/* Begin XCConfigurationList section */
		ACADD55E1BE6A3AE4178F31D /* Build configuration list for PBXNativeTarget "IronLogUITests" */ = {
			isa = XCConfigurationList;
			buildConfigurations = (
				B71DEDFD6C8C29457EA2C637 /* Debug */,
				A2DFC2271016EF565A07C244 /* Release */,
			);
			defaultConfigurationIsVisible = 0;
			defaultConfigurationName = Debug;
		};
		BAE2D918BCE2500E05E37CF5 /* Build configuration list for PBXNativeTarget "IronLogTests" */ = {
			isa = XCConfigurationList;
			buildConfigurations = (
				348840D096C2C93EFB78DF5C /* Debug */,
				4A698A9B5B874372D75E9E76 /* Release */,
			);
			defaultConfigurationIsVisible = 0;
			defaultConfigurationName = Debug;
		};
		C72F111CCCFA6384B7653AE9 /* Build configuration list for PBXNativeTarget "IronLog" */ = {
			isa = XCConfigurationList;
			buildConfigurations = (
				3666C264FFBBDD59CEAABE30 /* Debug */,
				47DBC81C300F37B1B1B864F5 /* Release */,
			);
			defaultConfigurationIsVisible = 0;
			defaultConfigurationName = Debug;
		};
		E98970C7231D9BE3F54C332D /* Build configuration list for PBXProject "IronLog" */ = {
			isa = XCConfigurationList;
			buildConfigurations = (
				9B2750FE63816464E5ACA729 /* Debug */,
				4D2FE41C5E15B4243CD11FEE /* Release */,
			);
			defaultConfigurationIsVisible = 0;
			defaultConfigurationName = Debug;
		};
/* End XCConfigurationList section */

/* Begin XCRemoteSwiftPackageReference section */
		1EB331BADE8CD67CD23F32BE /* XCRemoteSwiftPackageReference "swift-markdown-ui" */ = {
			isa = XCRemoteSwiftPackageReference;
			repositoryURL = "https://github.com/gonzalezreal/swift-markdown-ui";
			requirement = {
				kind = exactVersion;
				version = 2.4.0;
			};
		};
		6A6828C46C015EDF8573625B /* XCRemoteSwiftPackageReference "privy-ios" */ = {
			isa = XCRemoteSwiftPackageReference;
			repositoryURL = "https://github.com/privy-io/privy-ios";
			requirement = {
				kind = exactVersion;
				version = 2.8.0;
			};
		};
		6FBCD14C37DC9BD03AFBC650 /* XCRemoteSwiftPackageReference "keychain-swift" */ = {
			isa = XCRemoteSwiftPackageReference;
			repositoryURL = "https://github.com/evgenyneu/keychain-swift";
			requirement = {
				kind = exactVersion;
				version = 21.0.0;
			};
		};
		76AE6EB4D4604F0D5924DC08 /* XCRemoteSwiftPackageReference "Reachability.swift" */ = {
			isa = XCRemoteSwiftPackageReference;
			repositoryURL = "https://github.com/ashleymills/Reachability.swift";
			requirement = {
				kind = exactVersion;
				version = 5.2.0;
			};
		};
		9EB138AB94C27CA9E2F71660 /* XCRemoteSwiftPackageReference "supabase-swift" */ = {
			isa = XCRemoteSwiftPackageReference;
			repositoryURL = "https://github.com/supabase/supabase-swift";
			requirement = {
				kind = exactVersion;
				version = 2.5.1;
			};
		};
		C1CF2F1789C2A2EBFEA6008C /* XCRemoteSwiftPackageReference "SDWebImageSwiftUI" */ = {
			isa = XCRemoteSwiftPackageReference;
			repositoryURL = "https://github.com/SDWebImage/SDWebImageSwiftUI";
			requirement = {
				kind = exactVersion;
				version = 3.1.1;
			};
		};
/* End XCRemoteSwiftPackageReference section */

/* Begin XCSwiftPackageProductDependency section */
		074EC5457E8DAAFBD92FCAB8 /* Privy */ = {
			isa = XCSwiftPackageProductDependency;
			package = 6A6828C46C015EDF8573625B /* XCRemoteSwiftPackageReference "privy-ios" */;
			productName = Privy;
		};
		1CA98A009A7235A0F848C9AE /* MarkdownUI */ = {
			isa = XCSwiftPackageProductDependency;
			package = 1EB331BADE8CD67CD23F32BE /* XCRemoteSwiftPackageReference "swift-markdown-ui" */;
			productName = MarkdownUI;
		};
		39CBC4D0471BD59ABDFD5A09 /* Reachability */ = {
			isa = XCSwiftPackageProductDependency;
			package = 76AE6EB4D4604F0D5924DC08 /* XCRemoteSwiftPackageReference "Reachability.swift" */;
			productName = Reachability;
		};
		5A78DDB0DDBE591069C26DD2 /* KeychainSwift */ = {
			isa = XCSwiftPackageProductDependency;
			package = 6FBCD14C37DC9BD03AFBC650 /* XCRemoteSwiftPackageReference "keychain-swift" */;
			productName = KeychainSwift;
		};
		6A9C4AB88330A9FFC30C0FEC /* Supabase */ = {
			isa = XCSwiftPackageProductDependency;
			package = 9EB138AB94C27CA9E2F71660 /* XCRemoteSwiftPackageReference "supabase-swift" */;
			productName = Supabase;
		};
		C93C6F1077B7A079AC16E248 /* SDWebImageSwiftUI */ = {
			isa = XCSwiftPackageProductDependency;
			package = C1CF2F1789C2A2EBFEA6008C /* XCRemoteSwiftPackageReference "SDWebImageSwiftUI" */;
			productName = SDWebImageSwiftUI;
		};
/* End XCSwiftPackageProductDependency section */
	};
	rootObject = 793DCC82B1A115B1EAD8E10A /* Project object */;
}
